// !$*UTF8*$!
{
	archiveVersion = 1;
	classes = {
	};
	objectVersion = 46;
	objects = {

/* Begin PBXBuildFile section */
		94F76DDB1A49419F00202C0E /* AppDelegate.swift in Sources */ = {isa = PBXBuildFile; fileRef = 94F76DDA1A49419F00202C0E /* AppDelegate.swift */; };
		94F76DDE1A4941A100202C0E /* CoreDataSample.xcdatamodeld in Sources */ = {isa = PBXBuildFile; fileRef = 94F76DDC1A4941A000202C0E /* CoreDataSample.xcdatamodeld */; };
		94F76DE01A4941A200202C0E /* ViewController.swift in Sources */ = {isa = PBXBuildFile; fileRef = 94F76DDF1A4941A200202C0E /* ViewController.swift */; };
		94F76DE31A4941A300202C0E /* Main.storyboard in Resources */ = {isa = PBXBuildFile; fileRef = 94F76DE11A4941A300202C0E /* Main.storyboard */; };
		94F76DE51A4941A700202C0E /* Images.xcassets in Resources */ = {isa = PBXBuildFile; fileRef = 94F76DE41A4941A700202C0E /* Images.xcassets */; };
		94F76DE81A4941A700202C0E /* LaunchScreen.xib in Resources */ = {isa = PBXBuildFile; fileRef = 94F76DE61A4941A700202C0E /* LaunchScreen.xib */; };
		94F76DF41A4941A900202C0E /* CoreDataSampleTests.swift in Sources */ = {isa = PBXBuildFile; fileRef = 94F76DF31A4941A900202C0E /* CoreDataSampleTests.swift */; };
		94F76DFE1A4943BB00202C0E /* MemoStore.swift in Sources */ = {isa = PBXBuildFile; fileRef = 94F76DFD1A4943BB00202C0E /* MemoStore.swift */; };
/* End PBXBuildFile section */

/* Begin PBXContainerItemProxy section */
		94F76DEE1A4941A800202C0E /* PBXContainerItemProxy */ = {
			isa = PBXContainerItemProxy;
			containerPortal = 94F76DCD1A49419A00202C0E /* Project object */;
			proxyType = 1;
			remoteGlobalIDString = 94F76DD41A49419D00202C0E;
			remoteInfo = CoreDataSample;
		};
/* End PBXContainerItemProxy section */

/* Begin PBXFileReference section */
		94F76DD51A49419D00202C0E /* CoreDataSample.app */ = {isa = PBXFileReference; explicitFileType = wrapper.application; includeInIndex = 0; path = CoreDataSample.app; sourceTree = BUILT_PRODUCTS_DIR; };
		94F76DD91A49419E00202C0E /* Info.plist */ = {isa = PBXFileReference; lastKnownFileType = text.plist.xml; path = Info.plist; sourceTree = "<group>"; };
		94F76DDA1A49419F00202C0E /* AppDelegate.swift */ = {isa = PBXFileReference; lastKnownFileType = sourcecode.swift; path = AppDelegate.swift; sourceTree = "<group>"; };
		94F76DDD1A4941A000202C0E /* CoreDataSample.xcdatamodel */ = {isa = PBXFileReference; lastKnownFileType = wrapper.xcdatamodel; path = CoreDataSample.xcdatamodel; sourceTree = "<group>"; };
		94F76DDF1A4941A200202C0E /* ViewController.swift */ = {isa = PBXFileReference; lastKnownFileType = sourcecode.swift; path = ViewController.swift; sourceTree = "<group>"; };
		94F76DE21A4941A300202C0E /* Base */ = {isa = PBXFileReference; lastKnownFileType = file.storyboard; name = Base; path = Base.lproj/Main.storyboard; sourceTree = "<group>"; };
		94F76DE41A4941A700202C0E /* Images.xcassets */ = {isa = PBXFileReference; lastKnownFileType = folder.assetcatalog; path = Images.xcassets; sourceTree = "<group>"; };
		94F76DE71A4941A700202C0E /* Base */ = {isa = PBXFileReference; lastKnownFileType = file.xib; name = Base; path = Base.lproj/LaunchScreen.xib; sourceTree = "<group>"; };
		94F76DED1A4941A800202C0E /* CoreDataSampleTests.xctest */ = {isa = PBXFileReference; explicitFileType = wrapper.cfbundle; includeInIndex = 0; path = CoreDataSampleTests.xctest; sourceTree = BUILT_PRODUCTS_DIR; };
		94F76DF21A4941A800202C0E /* Info.plist */ = {isa = PBXFileReference; lastKnownFileType = text.plist.xml; path = Info.plist; sourceTree = "<group>"; };
		94F76DF31A4941A900202C0E /* CoreDataSampleTests.swift */ = {isa = PBXFileReference; lastKnownFileType = sourcecode.swift; path = CoreDataSampleTests.swift; sourceTree = "<group>"; };
		94F76DFD1A4943BB00202C0E /* MemoStore.swift */ = {isa = PBXFileReference; fileEncoding = 4; lastKnownFileType = sourcecode.swift; path = MemoStore.swift; sourceTree = "<group>"; };
/* End PBXFileReference section */

/* Begin PBXFrameworksBuildPhase section */
		94F76DD21A49419D00202C0E /* Frameworks */ = {
			isa = PBXFrameworksBuildPhase;
			buildActionMask = 2147483647;
			files = (
			);
			runOnlyForDeploymentPostprocessing = 0;
		};
		94F76DEA1A4941A800202C0E /* Frameworks */ = {
			isa = PBXFrameworksBuildPhase;
			buildActionMask = 2147483647;
			files = (
			);
			runOnlyForDeploymentPostprocessing = 0;
		};
/* End PBXFrameworksBuildPhase section */

/* Begin PBXGroup section */
		94F76DCC1A49419800202C0E = {
			isa = PBXGroup;
			children = (
				94F76DD71A49419E00202C0E /* CoreDataSample */,
				94F76DF01A4941A800202C0E /* CoreDataSampleTests */,
				94F76DD61A49419D00202C0E /* Products */,
			);
			sourceTree = "<group>";
		};
		94F76DD61A49419D00202C0E /* Products */ = {
			isa = PBXGroup;
			children = (
				94F76DD51A49419D00202C0E /* CoreDataSample.app */,
				94F76DED1A4941A800202C0E /* CoreDataSampleTests.xctest */,
			);
			name = Products;
			sourceTree = "<group>";
		};
		94F76DD71A49419E00202C0E /* CoreDataSample */ = {
			isa = PBXGroup;
			children = (
				94F76DDA1A49419F00202C0E /* AppDelegate.swift */,
				94F76DDF1A4941A200202C0E /* ViewController.swift */,
				94F76DE11A4941A300202C0E /* Main.storyboard */,
				94F76DE41A4941A700202C0E /* Images.xcassets */,
				94F76DE61A4941A700202C0E /* LaunchScreen.xib */,
				94F76DDC1A4941A000202C0E /* CoreDataSample.xcdatamodeld */,
				94F76DD81A49419E00202C0E /* Supporting Files */,
				94F76DFD1A4943BB00202C0E /* MemoStore.swift */,
			);
			path = CoreDataSample;
			sourceTree = "<group>";
		};
		94F76DD81A49419E00202C0E /* Supporting Files */ = {
			isa = PBXGroup;
			children = (
				94F76DD91A49419E00202C0E /* Info.plist */,
			);
			name = "Supporting Files";
			sourceTree = "<group>";
		};
		94F76DF01A4941A800202C0E /* CoreDataSampleTests */ = {
			isa = PBXGroup;
			children = (
				94F76DF31A4941A900202C0E /* CoreDataSampleTests.swift */,
				94F76DF11A4941A800202C0E /* Supporting Files */,
			);
			path = CoreDataSampleTests;
			sourceTree = "<group>";
		};
		94F76DF11A4941A800202C0E /* Supporting Files */ = {
			isa = PBXGroup;
			children = (
				94F76DF21A4941A800202C0E /* Info.plist */,
			);
			name = "Supporting Files";
			sourceTree = "<group>";
		};
/* End PBXGroup section */

/* Begin PBXNativeTarget section */
		94F76DD41A49419D00202C0E /* CoreDataSample */ = {
			isa = PBXNativeTarget;
			buildConfigurationList = 94F76DF71A4941A900202C0E /* Build configuration list for PBXNativeTarget "CoreDataSample" */;
			buildPhases = (
				94F76DD11A49419D00202C0E /* Sources */,
				94F76DD21A49419D00202C0E /* Frameworks */,
				94F76DD31A49419D00202C0E /* Resources */,
			);
			buildRules = (
			);
			dependencies = (
			);
			name = CoreDataSample;
			productName = CoreDataSample;
			productReference = 94F76DD51A49419D00202C0E /* CoreDataSample.app */;
			productType = "com.apple.product-type.application";
		};
		94F76DEC1A4941A800202C0E /* CoreDataSampleTests */ = {
			isa = PBXNativeTarget;
			buildConfigurationList = 94F76DFA1A4941A900202C0E /* Build configuration list for PBXNativeTarget "CoreDataSampleTests" */;
			buildPhases = (
				94F76DE91A4941A800202C0E /* Sources */,
				94F76DEA1A4941A800202C0E /* Frameworks */,
				94F76DEB1A4941A800202C0E /* Resources */,
			);
			buildRules = (
			);
			dependencies = (
				94F76DEF1A4941A800202C0E /* PBXTargetDependency */,
			);
			name = CoreDataSampleTests;
			productName = CoreDataSampleTests;
			productReference = 94F76DED1A4941A800202C0E /* CoreDataSampleTests.xctest */;
			productType = "com.apple.product-type.bundle.unit-test";
		};
/* End PBXNativeTarget section */

/* Begin PBXProject section */
		94F76DCD1A49419A00202C0E /* Project object */ = {
			isa = PBXProject;
			attributes = {
				LastUpgradeCheck = 0610;
				ORGANIZATIONNAME = oratta;
				TargetAttributes = {
					94F76DD41A49419D00202C0E = {
						CreatedOnToolsVersion = 6.1;
						DevelopmentTeam = 2Y5UD46TBC;
					};
					94F76DEC1A4941A800202C0E = {
						CreatedOnToolsVersion = 6.1;
						TestTargetID = 94F76DD41A49419D00202C0E;
					};
				};
			};
			buildConfigurationList = 94F76DD01A49419A00202C0E /* Build configuration list for PBXProject "CoreDataSample" */;
			compatibilityVersion = "Xcode 3.2";
			developmentRegion = English;
			hasScannedForEncodings = 0;
			knownRegions = (
				en,
				Base,
			);
			mainGroup = 94F76DCC1A49419800202C0E;
			productRefGroup = 94F76DD61A49419D00202C0E /* Products */;
			projectDirPath = "";
			projectRoot = "";
			targets = (
				94F76DD41A49419D00202C0E /* CoreDataSample */,
				94F76DEC1A4941A800202C0E /* CoreDataSampleTests */,
			);
		};
/* End PBXProject section */

/* Begin PBXResourcesBuildPhase section */
		94F76DD31A49419D00202C0E /* Resources */ = {
			isa = PBXResourcesBuildPhase;
			buildActionMask = 2147483647;
			files = (
				94F76DE31A4941A300202C0E /* Main.storyboard in Resources */,
				94F76DE81A4941A700202C0E /* LaunchScreen.xib in Resources */,
				94F76DE51A4941A700202C0E /* Images.xcassets in Resources */,
			);
			runOnlyForDeploymentPostprocessing = 0;
		};
		94F76DEB1A4941A800202C0E /* Resources */ = {
			isa = PBXResourcesBuildPhase;
			buildActionMask = 2147483647;
			files = (
			);
			runOnlyForDeploymentPostprocessing = 0;
		};
/* End PBXResourcesBuildPhase section */

/* Begin PBXSourcesBuildPhase section */
		94F76DD11A49419D00202C0E /* Sources */ = {
			isa = PBXSourcesBuildPhase;
			buildActionMask = 2147483647;
			files = (
				94F76DE01A4941A200202C0E /* ViewController.swift in Sources */,
				94F76DFE1A4943BB00202C0E /* MemoStore.swift in Sources */,
				94F76DDE1A4941A100202C0E /* CoreDataSample.xcdatamodeld in Sources */,
				94F76DDB1A49419F00202C0E /* AppDelegate.swift in Sources */,
			);
			runOnlyForDeploymentPostprocessing = 0;
		};
		94F76DE91A4941A800202C0E /* Sources */ = {
			isa = PBXSourcesBuildPhase;
			buildActionMask = 2147483647;
			files = (
				94F76DF41A4941A900202C0E /* CoreDataSampleTests.swift in Sources */,
			);
			runOnlyForDeploymentPostprocessing = 0;
		};
/* End PBXSourcesBuildPhase section */

/* Begin PBXTargetDependency section */
		94F76DEF1A4941A800202C0E /* PBXTargetDependency */ = {
			isa = PBXTargetDependency;
			target = 94F76DD41A49419D00202C0E /* CoreDataSample */;
			targetProxy = 94F76DEE1A4941A800202C0E /* PBXContainerItemProxy */;
		};
/* End PBXTargetDependency section */

/* Begin PBXVariantGroup section */
		94F76DE11A4941A300202C0E /* Main.storyboard */ = {
			isa = PBXVariantGroup;
			children = (
				94F76DE21A4941A300202C0E /* Base */,
			);
			name = Main.storyboard;
			sourceTree = "<group>";
		};
		94F76DE61A4941A700202C0E /* LaunchScreen.xib */ = {
			isa = PBXVariantGroup;
			children = (
				94F76DE71A4941A700202C0E /* Base */,
			);
			name = LaunchScreen.xib;
			sourceTree = "<group>";
		};
/* End PBXVariantGroup section */

/* Begin XCBuildConfiguration section */
		94F76DF51A4941A900202C0E /* Debug */ = {
			isa = XCBuildConfiguration;
			buildSettings = {
				ALWAYS_SEARCH_USER_PATHS = NO;
				CLANG_CXX_LANGUAGE_STANDARD = "gnu++0x";
				CLANG_CXX_LIBRARY = "libc++";
				CLANG_ENABLE_MODULES = YES;
				CLANG_ENABLE_OBJC_ARC = YES;
				CLANG_WARN_BOOL_CONVERSION = YES;
				CLANG_WARN_CONSTANT_CONVERSION = YES;
				CLANG_WARN_DIRECT_OBJC_ISA_USAGE = YES_ERROR;
				CLANG_WARN_EMPTY_BODY = YES;
				CLANG_WARN_ENUM_CONVERSION = YES;
				CLANG_WARN_INT_CONVERSION = YES;
				CLANG_WARN_OBJC_ROOT_CLASS = YES_ERROR;
				CLANG_WARN_UNREACHABLE_CODE = YES;
				CLANG_WARN__DUPLICATE_METHOD_MATCH = YES;
				"CODE_SIGN_IDENTITY[sdk=iphoneos*]" = "iPhone Developer";
				COPY_PHASE_STRIP = NO;
				ENABLE_STRICT_OBJC_MSGSEND = YES;
				GCC_C_LANGUAGE_STANDARD = gnu99;
				GCC_DYNAMIC_NO_PIC = NO;
				GCC_OPTIMIZATION_LEVEL = 0;
				GCC_PREPROCESSOR_DEFINITIONS = (
					"DEBUG=1",
					"$(inherited)",
				);
				GCC_SYMBOLS_PRIVATE_EXTERN = NO;
				GCC_WARN_64_TO_32_BIT_CONVERSION = YES;
				GCC_WARN_ABOUT_RETURN_TYPE = YES_ERROR;
				GCC_WARN_UNDECLARED_SELECTOR = YES;
				GCC_WARN_UNINITIALIZED_AUTOS = YES_AGGRESSIVE;
				GCC_WARN_UNUSED_FUNCTION = YES;
				GCC_WARN_UNUSED_VARIABLE = YES;
				IPHONEOS_DEPLOYMENT_TARGET = 8.1;
				MTL_ENABLE_DEBUG_INFO = YES;
				ONLY_ACTIVE_ARCH = YES;
				SDKROOT = iphoneos;
				SWIFT_OPTIMIZATION_LEVEL = "-Onone";
			};
			name = Debug;
		};
		94F76DF61A4941A900202C0E /* Release */ = {
			isa = XCBuildConfiguration;
			buildSettings = {
				ALWAYS_SEARCH_USER_PATHS = NO;
				CLANG_CXX_LANGUAGE_STANDARD = "gnu++0x";
				CLANG_CXX_LIBRARY = "libc++";
				CLANG_ENABLE_MODULES = YES;
				CLANG_ENABLE_OBJC_ARC = YES;
				CLANG_WARN_BOOL_CONVERSION = YES;
				CLANG_WARN_CONSTANT_CONVERSION = YES;
				CLANG_WARN_DIRECT_OBJC_ISA_USAGE = YES_ERROR;
				CLANG_WARN_EMPTY_BODY = YES;
				CLANG_WARN_ENUM_CONVERSION = YES;
				CLANG_WARN_INT_CONVERSION = YES;
				CLANG_WARN_OBJC_ROOT_CLASS = YES_ERROR;
				CLANG_WARN_UNREACHABLE_CODE = YES;
				CLANG_WARN__DUPLICATE_METHOD_MATCH = YES;
				"CODE_SIGN_IDENTITY[sdk=iphoneos*]" = "iPhone Developer";
				COPY_PHASE_STRIP = YES;
				ENABLE_NS_ASSERTIONS = NO;
				ENABLE_STRICT_OBJC_MSGSEND = YES;
				GCC_C_LANGUAGE_STANDARD = gnu99;
				GCC_WARN_64_TO_32_BIT_CONVERSION = YES;
				GCC_WARN_ABOUT_RETURN_TYPE = YES_ERROR;
				GCC_WARN_UNDECLARED_SELECTOR = YES;
				GCC_WARN_UNINITIALIZED_AUTOS = YES_AGGRESSIVE;
				GCC_WARN_UNUSED_FUNCTION = YES;
				GCC_WARN_UNUSED_VARIABLE = YES;
				IPHONEOS_DEPLOYMENT_TARGET = 8.1;
				MTL_ENABLE_DEBUG_INFO = NO;
				SDKROOT = iphoneos;
				VALIDATE_PRODUCT = YES;
			};
			name = Release;
		};
		94F76DF81A4941A900202C0E /* Debug */ = {
			isa = XCBuildConfiguration;
			buildSettings = {
				ASSETCATALOG_COMPILER_APPICON_NAME = AppIcon;
				INFOPLIST_FILE = CoreDataSample/Info.plist;
				LD_RUNPATH_SEARCH_PATHS = "$(inherited) @executable_path/Frameworks";
				PRODUCT_NAME = "$(TARGET_NAME)";
			};
			name = Debug;
		};
		94F76DF91A4941A900202C0E /* Release */ = {
			isa = XCBuildConfiguration;
			buildSettings = {
				ASSETCATALOG_COMPILER_APPICON_NAME = AppIcon;
				INFOPLIST_FILE = CoreDataSample/Info.plist;
				LD_RUNPATH_SEARCH_PATHS = "$(inherited) @executable_path/Frameworks";
				PRODUCT_NAME = "$(TARGET_NAME)";
			};
			name = Release;
		};
		94F76DFB1A4941A900202C0E /* Debug */ = {
			isa = XCBuildConfiguration;
			buildSettings = {
				BUNDLE_LOADER = "$(TEST_HOST)";
				FRAMEWORK_SEARCH_PATHS = (
					"$(SDKROOT)/Developer/Library/Frameworks",
					"$(inherited)",
				);
				GCC_PREPROCESSOR_DEFINITIONS = (
					"DEBUG=1",
					"$(inherited)",
				);
				INFOPLIST_FILE = CoreDataSampleTests/Info.plist;
				LD_RUNPATH_SEARCH_PATHS = "$(inherited) @executable_path/Frameworks @loader_path/Frameworks";
				PRODUCT_NAME = "$(TARGET_NAME)";
				TEST_HOST = "$(BUILT_PRODUCTS_DIR)/CoreDataSample.app/CoreDataSample";
			};
			name = Debug;
		};
		94F76DFC1A4941A900202C0E /* Release */ = {
			isa = XCBuildConfiguration;
			buildSettings = {
				BUNDLE_LOADER = "$(TEST_HOST)";
				FRAMEWORK_SEARCH_PATHS = (
					"$(SDKROOT)/Developer/Library/Frameworks",
					"$(inherited)",
				);
				INFOPLIST_FILE = CoreDataSampleTests/Info.plist;
				LD_RUNPATH_SEARCH_PATHS = "$(inherited) @executable_path/Frameworks @loader_path/Frameworks";
				PRODUCT_NAME = "$(TARGET_NAME)";
				TEST_HOST = "$(BUILT_PRODUCTS_DIR)/CoreDataSample.app/CoreDataSample";
			};
			name = Release;
		};
/* End XCBuildConfiguration section */

/* Begin XCConfigurationList section */
		94F76DD01A49419A00202C0E /* Build configuration list for PBXProject "CoreDataSample" */ = {
			isa = XCConfigurationList;
			buildConfigurations = (
				94F76DF51A4941A900202C0E /* Debug */,
				94F76DF61A4941A900202C0E /* Release */,
			);
			defaultConfigurationIsVisible = 0;
			defaultConfigurationName = Release;
		};
		94F76DF71A4941A900202C0E /* Build configuration list for PBXNativeTarget "CoreDataSample" */ = {
			isa = XCConfigurationList;
			buildConfigurations = (
				94F76DF81A4941A900202C0E /* Debug */,
				94F76DF91A4941A900202C0E /* Release */,
			);
			defaultConfigurationIsVisible = 0;
		};
		94F76DFA1A4941A900202C0E /* Build configuration list for PBXNativeTarget "CoreDataSampleTests" */ = {
			isa = XCConfigurationList;
			buildConfigurations = (
				94F76DFB1A4941A900202C0E /* Debug */,
				94F76DFC1A4941A900202C0E /* Release */,
			);
			defaultConfigurationIsVisible = 0;
		};
/* End XCConfigurationList section */

/* Begin XCVersionGroup section */
		94F76DDC1A4941A000202C0E /* CoreDataSample.xcdatamodeld */ = {
			isa = XCVersionGroup;
			children = (
				94F76DDD1A4941A000202C0E /* CoreDataSample.xcdatamodel */,
			);
			currentVersion = 94F76DDD1A4941A000202C0E /* CoreDataSample.xcdatamodel */;
			path = CoreDataSample.xcdatamodeld;
			sourceTree = "<group>";
			versionGroupType = wrapper.xcdatamodel;
		};
/* End XCVersionGroup section */
	};
	rootObject = 94F76DCD1A49419A00202C0E /* Project object */;
}
